
Microsoft Visual Studio Solution File, Format Version 12.00
# Visual Studio 15
VisualStudioVersion = 15.0.28010.2003
MinimumVisualStudioVersion = 10.0.40219.1
Project("{8BC9CEB8-8B4A-11D0-8D11-00A0C91BC942}") = "sqlite3", "sqlite3\sqlite3.vcxproj", "{955BD4A8-7782-40B9-AC67-2B18C733B702}"
EndProject
Project("{2150E333-8FDC-42A3-9474-1A3956D46DE8}") = "Solution Items", "Solution Items", "{CAD78E0B-AA99-4C9F-B644-E032B7D46AE6}"
	ProjectSection(SolutionItems) = preProject
		README.md = README.md
	EndProjectSection
EndProject
Project("{FAE04EC0-301F-11D3-BF4B-00C04F79EFBC}") = "SQLite.NET", "SQLite.NET\SQLite.NET.csproj", "{E4729D01-02D8-4D50-862C-236D1F89B53B}"
	ProjectSection(ProjectDependencies) = postProject
		{955BD4A8-7782-40B9-AC67-2B18C733B702} = {955BD4A8-7782-40B9-AC67-2B18C733B702}
	EndProjectSection
EndProject
Global
	GlobalSection(SolutionConfigurationPlatforms) = preSolution
		Debug|Any CPU = Debug|Any CPU
		Debug|x64 = Debug|x64
		Debug|x86 = Debug|x86
		Release|Any CPU = Release|Any CPU
		Release|x64 = Release|x64
		Release|x86 = Release|x86
	EndGlobalSection
	GlobalSection(ProjectConfigurationPlatforms) = postSolution
		{955BD4A8-7782-40B9-AC67-2B18C733B702}.Debug|Any CPU.ActiveCfg = Debug|Win32
		{955BD4A8-7782-40B9-AC67-2B18C733B702}.Debug|x64.ActiveCfg = Debug|x64
		{955BD4A8-7782-40B9-AC67-2B18C733B702}.Debug|x64.Build.0 = Debug|x64
		{955BD4A8-7782-40B9-AC67-2B18C733B702}.Debug|x86.ActiveCfg = Debug|Win32
		{955BD4A8-7782-40B9-AC67-2B18C733B702}.Debug|x86.Build.0 = Debug|Win32
		{955BD4A8-7782-40B9-AC67-2B18C733B702}.Release|Any CPU.ActiveCfg = Release|x64
		{955BD4A8-7782-40B9-AC67-2B18C733B702}.Release|Any CPU.Build.0 = Release|x64
		{955BD4A8-7782-40B9-AC67-2B18C733B702}.Release|x64.ActiveCfg = Release|x64
		{955BD4A8-7782-40B9-AC67-2B18C733B702}.Release|x64.Build.0 = Release|x64
		{955BD4A8-7782-40B9-AC67-2B18C733B702}.Release|x86.ActiveCfg = Release|Win32
		{955BD4A8-7782-40B9-AC67-2B18C733B702}.Release|x86.Build.0 = Release|Win32
		{E4729D01-02D8-4D50-862C-236D1F89B53B}.Debug|Any CPU.ActiveCfg = Debug|Any CPU
		{E4729D01-02D8-4D50-862C-236D1F89B53B}.Debug|Any CPU.Build.0 = Debug|Any CPU
		{E4729D01-02D8-4D50-862C-236D1F89B53B}.Debug|x64.ActiveCfg = Debug|Any CPU
		{E4729D01-02D8-4D50-862C-236D1F89B53B}.Debug|x64.Build.0 = Debug|Any CPU
		{E4729D01-02D8-4D50-862C-236D1F89B53B}.Debug|x86.ActiveCfg = Debug|Any CPU
		{E4729D01-02D8-4D50-862C-236D1F89B53B}.Debug|x86.Build.0 = Debug|Any CPU
		{E4729D01-02D8-4D50-862C-236D1F89B53B}.Release|Any CPU.ActiveCfg = Release|Any CPU
		{E4729D01-02D8-4D50-862C-236D1F89B53B}.Release|Any CPU.Build.0 = Release|Any CPU
		{E4729D01-02D8-4D50-862C-236D1F89B53B}.Release|x64.ActiveCfg = Release|Any CPU
		{E4729D01-02D8-4D50-862C-236D1F89B53B}.Release|x64.Build.0 = Release|Any CPU
		{E4729D01-02D8-4D50-862C-236D1F89B53B}.Release|x86.ActiveCfg = Release|Any CPU
		{E4729D01-02D8-4D50-862C-236D1F89B53B}.Release|x86.Build.0 = Release|Any CPU
	EndGlobalSection
	GlobalSection(SolutionProperties) = preSolution
		HideSolutionNode = FALSE
	EndGlobalSection
	GlobalSection(ExtensibilityGlobals) = postSolution
		SolutionGuid = {33AE328A-8772-4C24-8F08-2F3082ED922F}
	EndGlobalSection
EndGlobal
